<Solution>
  <Folder Name="/libs/">
    <Project Path="libs/MyCollection.Results/MyCollection.Results.csproj" />
    <Project Path="libs/MyCollection.ServiceDefaults/MyCollection.ServiceDefaults.csproj" />
  </Folder>
  <Folder Name="/apps/auth-api/src/">
    <Project Path="apps/auth-api/src/Auth.Domain/Auth.Domain.csproj" />
    <Project Path="apps/auth-api/src/Auth.Application/Auth.Application.csproj" />
    <Project Path="apps/auth-api/src/Auth.Infrastructure/Auth.Infrastructure.csproj" />
    <Project Path="apps/auth-api/src/Auth.Api/Auth.Api.csproj" />
  </Folder>
  <Folder Name="/apps/auth-api/tests/">
    <Project Path="apps/auth-api/tests/Auth.ArchitectureTests/Auth.ArchitectureTests.csproj" />
    <Project Path="apps/auth-api/tests/Auth.UnitTests/Auth.UnitTests.csproj" />
    <Project Path="apps/auth-api/tests/Auth.IntegrationTests/Auth.IntegrationTests.csproj" />
  </Folder>
</Solution>
